
Microsoft Visual Studio Solution File, Format Version 12.00
# Visual Studio Version 16
VisualStudioVersion = 16.0.31112.23
MinimumVisualStudioVersion = 10.0.40219.1
Project("{FAE04EC0-301F-11D3-BF4B-00C04F79EFBC}") = "RestaurantRater", "RestaurantRater\RestaurantRater.csproj", "{FB5EEA71-6057-4550-8511-BA8223F80EB3}"
EndProject
Global
	GlobalSection(SolutionConfigurationPlatforms) = preSolution
		Debug|Any CPU = Debug|Any CPU
		Release|Any CPU = Release|Any CPU
	EndGlobalSection
	GlobalSection(ProjectConfigurationPlatforms) = postSolution
		{FB5EEA71-6057-4550-8511-BA8223F80EB3}.Debug|Any CPU.ActiveCfg = Debug|Any CPU
		{FB5EEA71-6057-4550-8511-BA8223F80EB3}.Debug|Any CPU.Build.0 = Debug|Any CPU
		{FB5EEA71-6057-4550-8511-BA8223F80EB3}.Release|Any CPU.ActiveCfg = Release|Any CPU
		{FB5EEA71-6057-4550-8511-BA8223F80EB3}.Release|Any CPU.Build.0 = Release|Any CPU
	EndGlobalSection
	GlobalSection(SolutionProperties) = preSolution
		HideSolutionNode = FALSE
	EndGlobalSection
	GlobalSection(ExtensibilityGlobals) = postSolution
		SolutionGuid = {8F33FE4C-C254-4338-9F84-A5257D253450}
	EndGlobalSection
EndGlobal
